
Microsoft Visual Studio Solution File, Format Version 12.00
# Visual Studio Version 17
VisualStudioVersion = 17.7.34024.191
MinimumVisualStudioVersion = 10.0.40219.1
Project("{2150E333-8FDC-42A3-9474-1A3956D46DE8}") = "Task0", "Task0", "{EC68E20D-1A02-48F0-B44D-7F6AF5A31BAE}"
EndProject
Project("{2150E333-8FDC-42A3-9474-1A3956D46DE8}") = "Task1", "Task1", "{4B9000B0-C41F-4F94-B994-7BCCD316EDC2}"
EndProject
Project("{FAE04EC0-301F-11D3-BF4B-00C04F79EFBC}") = "Tyuiu.SvitkovIA.Sprint3.Task0.V25", "Tyuiu.SvitkovIA.Sprint3.Task0.V25\Tyuiu.SvitkovIA.Sprint3.Task0.V25.csproj", "{E2D39B7C-E2DC-4E1D-9571-279CC8035F12}"
EndProject
Project("{FAE04EC0-301F-11D3-BF4B-00C04F79EFBC}") = "Tyuiu.SvitkovIA.Sprint3.Task0.V25.Lib", "Tyuiu.SvitkovIA.Sprint3.Task0.V25.Lib\Tyuiu.SvitkovIA.Sprint3.Task0.V25.Lib.csproj", "{9EF2B735-F7B4-4E97-B676-10C9163176F6}"
EndProject
Project("{FAE04EC0-301F-11D3-BF4B-00C04F79EFBC}") = "Tyuiu.SvitkovIA.Sprint3.Task0.V25.Test", "Tyuiu.SvitkovIA.Sprint3.Task0.V25.Test\Tyuiu.SvitkovIA.Sprint3.Task0.V25.Test.csproj", "{A61BA658-7231-4C17-970E-86EEF21EE6F4}"
EndProject
Project("{FAE04EC0-301F-11D3-BF4B-00C04F79EFBC}") = "Tyuiu.SvitkovIA.Sprint3.Task1.V11.Lib", "Tyuiu.SvitkovIA.Sprint3.Task1.V11.Lib\Tyuiu.SvitkovIA.Sprint3.Task1.V11.Lib.csproj", "{BDF52761-CFAC-402C-B906-2AFCEEB1D676}"
EndProject
Project("{FAE04EC0-301F-11D3-BF4B-00C04F79EFBC}") = "Tyuiu.SvitkovIA.Sprint3.Task1.V11.Test", "Tyuiu.SvitkovIA.Sprint3.Task1.V11.Test\Tyuiu.SvitkovIA.Sprint3.Task1.V11.Test.csproj", "{AB821093-2DDF-4FA1-B00B-9C46241107DF}"
EndProject
Project("{FAE04EC0-301F-11D3-BF4B-00C04F79EFBC}") = "Tyuiu.SvitkovIA.Sprint3.Task1.V11", "Tyuiu.SvitkovIA.Sprint3.Task1.V11\Tyuiu.SvitkovIA.Sprint3.Task1.V11.csproj", "{1FA4F488-A42C-4525-8C58-526800DC1A97}"
EndProject
Project("{2150E333-8FDC-42A3-9474-1A3956D46DE8}") = "Task2", "Task2", "{93A9F523-248E-4808-9DFB-3C582723DCCD}"
EndProject
Project("{FAE04EC0-301F-11D3-BF4B-00C04F79EFBC}") = "Tyuiu.SvitkovIA.Sprint3.Task2.V10", "Tyuiu.SvitkovIA.Sprint3.Task2.V10\Tyuiu.SvitkovIA.Sprint3.Task2.V10.csproj", "{EF751862-A11B-48E2-B5E6-0947D434A167}"
EndProject
Project("{FAE04EC0-301F-11D3-BF4B-00C04F79EFBC}") = "Tyuiu.SvitkovIA.Sprint3.Task2.V10.Lib", "Tyuiu.SvitkovIA.Sprint3.Task2.V10.Lib\Tyuiu.SvitkovIA.Sprint3.Task2.V10.Lib.csproj", "{C30BBDF1-B921-4B0B-8885-154F5D946721}"
EndProject
Project("{FAE04EC0-301F-11D3-BF4B-00C04F79EFBC}") = "Tyuiu.SvitkovIA.Sprint3.Task2.V10.Test", "Tyuiu.SvitkovIA.Sprint3.Task2.V10.Test\Tyuiu.SvitkovIA.Sprint3.Task2.V10.Test.csproj", "{9B8F5246-05B0-468D-A327-06220109DEFF}"
EndProject
Global
	GlobalSection(SolutionConfigurationPlatforms) = preSolution
		Debug|Any CPU = Debug|Any CPU
		Release|Any CPU = Release|Any CPU
	EndGlobalSection
	GlobalSection(ProjectConfigurationPlatforms) = postSolution
		{E2D39B7C-E2DC-4E1D-9571-279CC8035F12}.Debug|Any CPU.ActiveCfg = Debug|Any CPU
		{E2D39B7C-E2DC-4E1D-9571-279CC8035F12}.Debug|Any CPU.Build.0 = Debug|Any CPU
		{E2D39B7C-E2DC-4E1D-9571-279CC8035F12}.Release|Any CPU.ActiveCfg = Release|Any CPU
		{E2D39B7C-E2DC-4E1D-9571-279CC8035F12}.Release|Any CPU.Build.0 = Release|Any CPU
		{9EF2B735-F7B4-4E97-B676-10C9163176F6}.Debug|Any CPU.ActiveCfg = Debug|Any CPU
		{9EF2B735-F7B4-4E97-B676-10C9163176F6}.Debug|Any CPU.Build.0 = Debug|Any CPU
		{9EF2B735-F7B4-4E97-B676-10C9163176F6}.Release|Any CPU.ActiveCfg = Release|Any CPU
		{9EF2B735-F7B4-4E97-B676-10C9163176F6}.Release|Any CPU.Build.0 = Release|Any CPU
		{A61BA658-7231-4C17-970E-86EEF21EE6F4}.Debug|Any CPU.ActiveCfg = Debug|Any CPU
		{A61BA658-7231-4C17-970E-86EEF21EE6F4}.Debug|Any CPU.Build.0 = Debug|Any CPU
		{A61BA658-7231-4C17-970E-86EEF21EE6F4}.Release|Any CPU.ActiveCfg = Release|Any CPU
		{A61BA658-7231-4C17-970E-86EEF21EE6F4}.Release|Any CPU.Build.0 = Release|Any CPU
		{BDF52761-CFAC-402C-B906-2AFCEEB1D676}.Debug|Any CPU.ActiveCfg = Debug|Any CPU
		{BDF52761-CFAC-402C-B906-2AFCEEB1D676}.Debug|Any CPU.Build.0 = Debug|Any CPU
		{BDF52761-CFAC-402C-B906-2AFCEEB1D676}.Release|Any CPU.ActiveCfg = Release|Any CPU
		{BDF52761-CFAC-402C-B906-2AFCEEB1D676}.Release|Any CPU.Build.0 = Release|Any CPU
		{AB821093-2DDF-4FA1-B00B-9C46241107DF}.Debug|Any CPU.ActiveCfg = Debug|Any CPU
		{AB821093-2DDF-4FA1-B00B-9C46241107DF}.Debug|Any CPU.Build.0 = Debug|Any CPU
		{AB821093-2DDF-4FA1-B00B-9C46241107DF}.Release|Any CPU.ActiveCfg = Release|Any CPU
		{AB821093-2DDF-4FA1-B00B-9C46241107DF}.Release|Any CPU.Build.0 = Release|Any CPU
		{1FA4F488-A42C-4525-8C58-526800DC1A97}.Debug|Any CPU.ActiveCfg = Debug|Any CPU
		{1FA4F488-A42C-4525-8C58-526800DC1A97}.Debug|Any CPU.Build.0 = Debug|Any CPU
		{1FA4F488-A42C-4525-8C58-526800DC1A97}.Release|Any CPU.ActiveCfg = Release|Any CPU
		{1FA4F488-A42C-4525-8C58-526800DC1A97}.Release|Any CPU.Build.0 = Release|Any CPU
		{EF751862-A11B-48E2-B5E6-0947D434A167}.Debug|Any CPU.ActiveCfg = Debug|Any CPU
		{EF751862-A11B-48E2-B5E6-0947D434A167}.Debug|Any CPU.Build.0 = Debug|Any CPU
		{EF751862-A11B-48E2-B5E6-0947D434A167}.Release|Any CPU.ActiveCfg = Release|Any CPU
		{EF751862-A11B-48E2-B5E6-0947D434A167}.Release|Any CPU.Build.0 = Release|Any CPU
		{C30BBDF1-B921-4B0B-8885-154F5D946721}.Debug|Any CPU.ActiveCfg = Debug|Any CPU
		{C30BBDF1-B921-4B0B-8885-154F5D946721}.Debug|Any CPU.Build.0 = Debug|Any CPU
		{C30BBDF1-B921-4B0B-8885-154F5D946721}.Release|Any CPU.ActiveCfg = Release|Any CPU
		{C30BBDF1-B921-4B0B-8885-154F5D946721}.Release|Any CPU.Build.0 = Release|Any CPU
		{9B8F5246-05B0-468D-A327-06220109DEFF}.Debug|Any CPU.ActiveCfg = Debug|Any CPU
		{9B8F5246-05B0-468D-A327-06220109DEFF}.Debug|Any CPU.Build.0 = Debug|Any CPU
		{9B8F5246-05B0-468D-A327-06220109DEFF}.Release|Any CPU.ActiveCfg = Release|Any CPU
		{9B8F5246-05B0-468D-A327-06220109DEFF}.Release|Any CPU.Build.0 = Release|Any CPU
	EndGlobalSection
	GlobalSection(SolutionProperties) = preSolution
		HideSolutionNode = FALSE
	EndGlobalSection
	GlobalSection(NestedProjects) = preSolution
		{E2D39B7C-E2DC-4E1D-9571-279CC8035F12} = {EC68E20D-1A02-48F0-B44D-7F6AF5A31BAE}
		{9EF2B735-F7B4-4E97-B676-10C9163176F6} = {EC68E20D-1A02-48F0-B44D-7F6AF5A31BAE}
		{A61BA658-7231-4C17-970E-86EEF21EE6F4} = {EC68E20D-1A02-48F0-B44D-7F6AF5A31BAE}
		{BDF52761-CFAC-402C-B906-2AFCEEB1D676} = {4B9000B0-C41F-4F94-B994-7BCCD316EDC2}
		{AB821093-2DDF-4FA1-B00B-9C46241107DF} = {4B9000B0-C41F-4F94-B994-7BCCD316EDC2}
		{1FA4F488-A42C-4525-8C58-526800DC1A97} = {4B9000B0-C41F-4F94-B994-7BCCD316EDC2}
		{EF751862-A11B-48E2-B5E6-0947D434A167} = {93A9F523-248E-4808-9DFB-3C582723DCCD}
		{C30BBDF1-B921-4B0B-8885-154F5D946721} = {93A9F523-248E-4808-9DFB-3C582723DCCD}
		{9B8F5246-05B0-468D-A327-06220109DEFF} = {93A9F523-248E-4808-9DFB-3C582723DCCD}
	EndGlobalSection
	GlobalSection(ExtensibilityGlobals) = postSolution
		SolutionGuid = {272BEDA9-5B7D-48AB-8F3A-7B50CF6D5564}
	EndGlobalSection
EndGlobal
